// !$*UTF8*$!
{
	archiveVersion = 1;
	classes = {
	};
	objectVersion = 46;
	objects = {

/* Begin PBXBuildFile section */
		2D1B62C9208BB0F800C2DD28 /* GoogleService-Info.plist in Resources */ = {isa = PBXBuildFile; fileRef = 2D1B62C8208BB0F800C2DD28 /* GoogleService-Info.plist */; };
		2D1B62CB208BB2F100C2DD28 /* LayerView.swift in Sources */ = {isa = PBXBuildFile; fileRef = 2D1B62CA208BB2F100C2DD28 /* LayerView.swift */; };
		2D41B2391F9BC0A800199BAD /* QPagesBrowser.swift in Sources */ = {isa = PBXBuildFile; fileRef = 2D7F5F651F04BDA40076316B /* QPagesBrowser.swift */; };
		2D41B23B1F9BC0A800199BAD /* QPageView.swift in Sources */ = {isa = PBXBuildFile; fileRef = 2D7F5F671F04BDA40076316B /* QPageView.swift */; };
		2D41B23C1F9BC0A800199BAD /* QData.swift in Sources */ = {isa = PBXBuildFile; fileRef = 2DCEFDA61F34AA6000EAC321 /* QData.swift */; };
		2D41B23D1F9BC0A800199BAD /* TafseerViewController.swift in Sources */ = {isa = PBXBuildFile; fileRef = 2D159E831F7F5B5F00AFE7E2 /* TafseerViewController.swift */; };
		2D41B23E1F9BC0A800199BAD /* AppDelegate.swift in Sources */ = {isa = PBXBuildFile; fileRef = 2D7F5F631F04BDA40076316B /* AppDelegate.swift */; };
		2D41B23F1F9BC0A800199BAD /* HomeViewController.swift in Sources */ = {isa = PBXBuildFile; fileRef = 2D48D3551F40D9720058552F /* HomeViewController.swift */; };
		2D41B2401F9BC0A800199BAD /* QIndexViewController.swift in Sources */ = {isa = PBXBuildFile; fileRef = 2DCEFD811F2EF25E00EAC321 /* QIndexViewController.swift */; };
		2D41B2411F9BC0A800199BAD /* MainViewController.swift in Sources */ = {isa = PBXBuildFile; fileRef = 2D48D35D1F530AAA0058552F /* MainViewController.swift */; };
		2D41B2441F9BC0A800199BAD /* LaunchScreen.storyboard in Resources */ = {isa = PBXBuildFile; fileRef = 2D7F5F701F04BDA50076316B /* LaunchScreen.storyboard */; };
		2D41B2451F9BC0A800199BAD /* pg_map in Resources */ = {isa = PBXBuildFile; fileRef = 2D48D35F1F530CF40058552F /* pg_map */; };
		2D41B2461F9BC0A800199BAD /* Localizable.strings in Resources */ = {isa = PBXBuildFile; fileRef = 2DCEFD961F32EC8700EAC321 /* Localizable.strings */; };
		2D41B2471F9BC0A800199BAD /* Assets.xcassets in Resources */ = {isa = PBXBuildFile; fileRef = 2D7F5F6E1F04BDA50076316B /* Assets.xcassets */; };
		2D41B2481F9BC0A800199BAD /* Main.storyboard in Resources */ = {isa = PBXBuildFile; fileRef = 2D7F5F6B1F04BDA40076316B /* Main.storyboard */; };
		2D41B2491F9BC0A800199BAD /* SuraNames.plist in Resources */ = {isa = PBXBuildFile; fileRef = 2DCEFDA01F33FCFC00EAC321 /* SuraNames.plist */; };
		2D41B24A1F9BC0A800199BAD /* qdata.json in Resources */ = {isa = PBXBuildFile; fileRef = 2DCEFDA41F3498E800EAC321 /* qdata.json */; };
		2D41B26F1F9BC57300199BAD /* PartsTableViewController.swift in Sources */ = {isa = PBXBuildFile; fileRef = 2D41B26E1F9BC57200199BAD /* PartsTableViewController.swift */; };
		2D6A7188208CE88C0012A67B /* BookmarksViewController.swift in Sources */ = {isa = PBXBuildFile; fileRef = 2D6A7187208CE88C0012A67B /* BookmarksViewController.swift */; };
		2D7B728F2079D7DD002273A6 /* normalized_quran.plist in Resources */ = {isa = PBXBuildFile; fileRef = 2D7B728D2079D7DC002273A6 /* normalized_quran.plist */; };
		2D7B72922079DD0C002273A6 /* quran_text.plist in Resources */ = {isa = PBXBuildFile; fileRef = 2D7B72902079DD0C002273A6 /* quran_text.plist */; };
		2DC6C5301FB8D43D006939EF /* QPageViewController.swift in Sources */ = {isa = PBXBuildFile; fileRef = 2DC6C52F1FB8D43D006939EF /* QPageViewController.swift */; };
		2DD8D75F1FA65725008DD81D /* Extensions.swift in Sources */ = {isa = PBXBuildFile; fileRef = 2DD8D75E1FA65725008DD81D /* Extensions.swift */; };
		2DD8D7611FA69F73008DD81D /* Utils.swift in Sources */ = {isa = PBXBuildFile; fileRef = 2DD8D7601FA69F73008DD81D /* Utils.swift */; };
		2DF0E09A202634BC00B3C493 /* SearchViewController.swift in Sources */ = {isa = PBXBuildFile; fileRef = 2DF0E099202634BC00B3C493 /* SearchViewController.swift */; };
		2DF881F61F9F57CF0045EFCF /* TafseerAyaView.swift in Sources */ = {isa = PBXBuildFile; fileRef = 2DF881F51F9F57CF0045EFCF /* TafseerAyaView.swift */; };
		C7AA0084DAD6431A754B28B3 /* Pods_quran_hafiz.framework in Frameworks */ = {isa = PBXBuildFile; fileRef = B4935835F8F4C2AA8E24F8A7 /* Pods_quran_hafiz.framework */; };
/* End PBXBuildFile section */

/* Begin PBXFileReference section */
		2D159E831F7F5B5F00AFE7E2 /* TafseerViewController.swift */ = {isa = PBXFileReference; lastKnownFileType = sourcecode.swift; path = TafseerViewController.swift; sourceTree = "<group>"; };
		2D1B62C8208BB0F800C2DD28 /* GoogleService-Info.plist */ = {isa = PBXFileReference; fileEncoding = 4; lastKnownFileType = text.plist.xml; path = "GoogleService-Info.plist"; sourceTree = "<group>"; };
		2D1B62CA208BB2F100C2DD28 /* LayerView.swift */ = {isa = PBXFileReference; fileEncoding = 4; lastKnownFileType = sourcecode.swift; path = LayerView.swift; sourceTree = "<group>"; };
		2D41B24E1F9BC0A800199BAD /* quran_hafiz.app */ = {isa = PBXFileReference; explicitFileType = wrapper.application; includeInIndex = 0; path = quran_hafiz.app; sourceTree = BUILT_PRODUCTS_DIR; };
		2D41B26E1F9BC57200199BAD /* PartsTableViewController.swift */ = {isa = PBXFileReference; fileEncoding = 4; lastKnownFileType = sourcecode.swift; path = PartsTableViewController.swift; sourceTree = "<group>"; };
		2D48D3551F40D9720058552F /* HomeViewController.swift */ = {isa = PBXFileReference; fileEncoding = 4; lastKnownFileType = sourcecode.swift; path = HomeViewController.swift; sourceTree = "<group>"; };
		2D48D35D1F530AAA0058552F /* MainViewController.swift */ = {isa = PBXFileReference; fileEncoding = 4; lastKnownFileType = sourcecode.swift; path = MainViewController.swift; sourceTree = "<group>"; };
		2D48D35F1F530CF40058552F /* pg_map */ = {isa = PBXFileReference; lastKnownFileType = folder; path = pg_map; sourceTree = "<group>"; };
		2D6A7187208CE88C0012A67B /* BookmarksViewController.swift */ = {isa = PBXFileReference; fileEncoding = 4; lastKnownFileType = sourcecode.swift; path = BookmarksViewController.swift; sourceTree = "<group>"; };
		2D7B728E2079D7DC002273A6 /* Base */ = {isa = PBXFileReference; lastKnownFileType = text.plist.xml; name = Base; path = Base.lproj/normalized_quran.plist; sourceTree = "<group>"; };
		2D7B72912079DD0C002273A6 /* Base */ = {isa = PBXFileReference; lastKnownFileType = text.plist.xml; name = Base; path = Base.lproj/quran_text.plist; sourceTree = "<group>"; };
		2D7F5F631F04BDA40076316B /* AppDelegate.swift */ = {isa = PBXFileReference; lastKnownFileType = sourcecode.swift; path = AppDelegate.swift; sourceTree = "<group>"; };
		2D7F5F651F04BDA40076316B /* QPagesBrowser.swift */ = {isa = PBXFileReference; lastKnownFileType = sourcecode.swift; path = QPagesBrowser.swift; sourceTree = "<group>"; wrapsLines = 0; };
		2D7F5F671F04BDA40076316B /* QPageView.swift */ = {isa = PBXFileReference; lastKnownFileType = sourcecode.swift; path = QPageView.swift; sourceTree = "<group>"; wrapsLines = 0; };
		2D7F5F6C1F04BDA40076316B /* Base */ = {isa = PBXFileReference; lastKnownFileType = file.storyboard; name = Base; path = Base.lproj/Main.storyboard; sourceTree = "<group>"; };
		2D7F5F6E1F04BDA50076316B /* Assets.xcassets */ = {isa = PBXFileReference; lastKnownFileType = folder.assetcatalog; path = Assets.xcassets; sourceTree = "<group>"; };
		2D7F5F711F04BDA50076316B /* Base */ = {isa = PBXFileReference; lastKnownFileType = file.storyboard; name = Base; path = Base.lproj/LaunchScreen.storyboard; sourceTree = "<group>"; };
		2D7F5F731F04BDA50076316B /* Info.plist */ = {isa = PBXFileReference; lastKnownFileType = text.plist.xml; path = Info.plist; sourceTree = "<group>"; };
		2DC6C52F1FB8D43D006939EF /* QPageViewController.swift */ = {isa = PBXFileReference; lastKnownFileType = sourcecode.swift; path = QPageViewController.swift; sourceTree = "<group>"; };
		2DCEFD811F2EF25E00EAC321 /* QIndexViewController.swift */ = {isa = PBXFileReference; fileEncoding = 4; lastKnownFileType = sourcecode.swift; path = QIndexViewController.swift; sourceTree = "<group>"; };
		2DCEFD831F305D7600EAC321 /* ar-EG */ = {isa = PBXFileReference; lastKnownFileType = text.plist.strings; name = "ar-EG"; path = "ar-EG.lproj/Main.strings"; sourceTree = "<group>"; };
		2DCEFD841F305D7600EAC321 /* ar-EG */ = {isa = PBXFileReference; lastKnownFileType = text.plist.strings; name = "ar-EG"; path = "ar-EG.lproj/LaunchScreen.strings"; sourceTree = "<group>"; };
		2DCEFD971F32EC8700EAC321 /* Base */ = {isa = PBXFileReference; lastKnownFileType = text.plist.strings; name = Base; path = Base.lproj/Localizable.strings; sourceTree = "<group>"; };
		2DCEFD991F32EC9C00EAC321 /* ar-EG */ = {isa = PBXFileReference; lastKnownFileType = text.plist.strings; name = "ar-EG"; path = "ar-EG.lproj/Localizable.strings"; sourceTree = "<group>"; };
		2DCEFDA11F33FCFC00EAC321 /* Base */ = {isa = PBXFileReference; lastKnownFileType = text.plist.xml; name = Base; path = Base.lproj/SuraNames.plist; sourceTree = "<group>"; };
		2DCEFDA31F33FD0D00EAC321 /* ar-EG */ = {isa = PBXFileReference; lastKnownFileType = text.plist.xml; name = "ar-EG"; path = "ar-EG.lproj/SuraNames.plist"; sourceTree = "<group>"; };
		2DCEFDA41F3498E800EAC321 /* qdata.json */ = {isa = PBXFileReference; fileEncoding = 4; lastKnownFileType = text.json; path = qdata.json; sourceTree = "<group>"; };
		2DCEFDA61F34AA6000EAC321 /* QData.swift */ = {isa = PBXFileReference; fileEncoding = 4; lastKnownFileType = sourcecode.swift; path = QData.swift; sourceTree = "<group>"; };
		2DD8D75E1FA65725008DD81D /* Extensions.swift */ = {isa = PBXFileReference; lastKnownFileType = sourcecode.swift; path = Extensions.swift; sourceTree = "<group>"; };
		2DD8D7601FA69F73008DD81D /* Utils.swift */ = {isa = PBXFileReference; lastKnownFileType = sourcecode.swift; path = Utils.swift; sourceTree = "<group>"; };
		2DF0E099202634BC00B3C493 /* SearchViewController.swift */ = {isa = PBXFileReference; lastKnownFileType = sourcecode.swift; path = SearchViewController.swift; sourceTree = "<group>"; };
		2DF881F51F9F57CF0045EFCF /* TafseerAyaView.swift */ = {isa = PBXFileReference; lastKnownFileType = sourcecode.swift; path = TafseerAyaView.swift; sourceTree = "<group>"; };
		4C753912A5EC14A5B22EB6E4 /* Pods-quran_hafiz.debug.xcconfig */ = {isa = PBXFileReference; includeInIndex = 1; lastKnownFileType = text.xcconfig; name = "Pods-quran_hafiz.debug.xcconfig"; path = "Pods/Target Support Files/Pods-quran_hafiz/Pods-quran_hafiz.debug.xcconfig"; sourceTree = "<group>"; };
		A53EF6F6B1535E6EEEABF818 /* Pods-quran_hafiz.release.xcconfig */ = {isa = PBXFileReference; includeInIndex = 1; lastKnownFileType = text.xcconfig; name = "Pods-quran_hafiz.release.xcconfig"; path = "Pods/Target Support Files/Pods-quran_hafiz/Pods-quran_hafiz.release.xcconfig"; sourceTree = "<group>"; };
		B4935835F8F4C2AA8E24F8A7 /* Pods_quran_hafiz.framework */ = {isa = PBXFileReference; explicitFileType = wrapper.framework; includeInIndex = 0; path = Pods_quran_hafiz.framework; sourceTree = BUILT_PRODUCTS_DIR; };
/* End PBXFileReference section */

/* Begin PBXFrameworksBuildPhase section */
		2D41B2421F9BC0A800199BAD /* Frameworks */ = {
			isa = PBXFrameworksBuildPhase;
			buildActionMask = 2147483647;
			files = (
				C7AA0084DAD6431A754B28B3 /* Pods_quran_hafiz.framework in Frameworks */,
			);
			runOnlyForDeploymentPostprocessing = 0;
		};
/* End PBXFrameworksBuildPhase section */

/* Begin PBXGroup section */
		2D0C542F20621FA700FBEF8F /* Utils */ = {
			isa = PBXGroup;
			children = (
				2D1B62CA208BB2F100C2DD28 /* LayerView.swift */,
				2DD8D7601FA69F73008DD81D /* Utils.swift */,
			);
			name = Utils;
			sourceTree = "<group>";
		};
		2D0C543020621FDA00FBEF8F /* Search */ = {
			isa = PBXGroup;
			children = (
				2DF0E099202634BC00B3C493 /* SearchViewController.swift */,
				2DD8D75E1FA65725008DD81D /* Extensions.swift */,
			);
			name = Search;
			path = src;
			sourceTree = "<group>";
		};
		2D48D35B1F52ED6C0058552F /* data */ = {
			isa = PBXGroup;
			children = (
				2DCEFD961F32EC8700EAC321 /* Localizable.strings */,
				2DCEFDA61F34AA6000EAC321 /* QData.swift */,
				2DCEFDA41F3498E800EAC321 /* qdata.json */,
				2D48D35F1F530CF40058552F /* pg_map */,
			);
			name = data;
			path = src;
			sourceTree = "<group>";
		};
		2D7F5F571F04BDA40076316B = {
			isa = PBXGroup;
			children = (
				2D0C542F20621FA700FBEF8F /* Utils */,
				2DC06CEC200DD3B5005F3306 /* plists */,
				2D7F5F6B1F04BDA40076316B /* Main.storyboard */,
				2DF881F91FA380CB0045EFCF /* HomeScreen */,
				2DF881FA1FA380FC0045EFCF /* PagesBrowser */,
				2DF881F81FA3801A0045EFCF /* TafseerBrowser */,
				2D0C543020621FDA00FBEF8F /* Search */,
				2D48D35B1F52ED6C0058552F /* data */,
				2D7F5F621F04BDA40076316B /* src */,
				2D7F5F611F04BDA40076316B /* Products */,
				2D8F4B1F200730A400499A3F /* Frameworks */,
				F0E78305E50635FABB6BB4C7 /* Pods */,
			);
			sourceTree = "<group>";
		};
		2D7F5F611F04BDA40076316B /* Products */ = {
			isa = PBXGroup;
			children = (
				2D41B24E1F9BC0A800199BAD /* quran_hafiz.app */,
			);
			name = Products;
			sourceTree = "<group>";
		};
		2D7F5F621F04BDA40076316B /* src */ = {
			isa = PBXGroup;
			children = (
				2D7F5F731F04BDA50076316B /* Info.plist */,
				2D1B62C8208BB0F800C2DD28 /* GoogleService-Info.plist */,
				2D7F5F631F04BDA40076316B /* AppDelegate.swift */,
				2D48D35D1F530AAA0058552F /* MainViewController.swift */,
				2D7F5F6E1F04BDA50076316B /* Assets.xcassets */,
				2D7F5F701F04BDA50076316B /* LaunchScreen.storyboard */,
			);
			path = src;
			sourceTree = "<group>";
		};
		2D8F4B1F200730A400499A3F /* Frameworks */ = {
			isa = PBXGroup;
			children = (
				B4935835F8F4C2AA8E24F8A7 /* Pods_quran_hafiz.framework */,
			);
			name = Frameworks;
			sourceTree = "<group>";
		};
		2DC06CEC200DD3B5005F3306 /* plists */ = {
			isa = PBXGroup;
			children = (
				2D7B72902079DD0C002273A6 /* quran_text.plist */,
				2D7B728D2079D7DC002273A6 /* normalized_quran.plist */,
				2DCEFDA01F33FCFC00EAC321 /* SuraNames.plist */,
			);
			path = plists;
			sourceTree = "<group>";
		};
		2DF881F81FA3801A0045EFCF /* TafseerBrowser */ = {
			isa = PBXGroup;
			children = (
				2D159E831F7F5B5F00AFE7E2 /* TafseerViewController.swift */,
				2DF881F51F9F57CF0045EFCF /* TafseerAyaView.swift */,
			);
			name = TafseerBrowser;
			path = src;
			sourceTree = "<group>";
		};
		2DF881F91FA380CB0045EFCF /* HomeScreen */ = {
			isa = PBXGroup;
			children = (
				2D6A7187208CE88C0012A67B /* BookmarksViewController.swift */,
				2D48D3551F40D9720058552F /* HomeViewController.swift */,
				2DCEFD811F2EF25E00EAC321 /* QIndexViewController.swift */,
				2D41B26E1F9BC57200199BAD /* PartsTableViewController.swift */,
			);
			name = HomeScreen;
			path = src;
			sourceTree = "<group>";
		};
		2DF881FA1FA380FC0045EFCF /* PagesBrowser */ = {
			isa = PBXGroup;
			children = (
				2D7F5F651F04BDA40076316B /* QPagesBrowser.swift */,
				2D7F5F671F04BDA40076316B /* QPageView.swift */,
				2DC6C52F1FB8D43D006939EF /* QPageViewController.swift */,
			);
			name = PagesBrowser;
			path = src;
			sourceTree = "<group>";
		};
		F0E78305E50635FABB6BB4C7 /* Pods */ = {
			isa = PBXGroup;
			children = (
				4C753912A5EC14A5B22EB6E4 /* Pods-quran_hafiz.debug.xcconfig */,
				A53EF6F6B1535E6EEEABF818 /* Pods-quran_hafiz.release.xcconfig */,
			);
			name = Pods;
			sourceTree = "<group>";
		};
/* End PBXGroup section */

/* Begin PBXNativeTarget section */
		2D41B2361F9BC0A800199BAD /* quran_hafiz */ = {
			isa = PBXNativeTarget;
			buildConfigurationList = 2D41B24B1F9BC0A800199BAD /* Build configuration list for PBXNativeTarget "quran_hafiz" */;
			buildPhases = (
				98FCB3FD09FD4B78752B6049 /* [CP] Check Pods Manifest.lock */,
				2D41B2371F9BC0A800199BAD /* Sources */,
				2D41B2421F9BC0A800199BAD /* Frameworks */,
				2D41B2431F9BC0A800199BAD /* Resources */,
				C2E1126CC36D2C16A21C7B54 /* [CP] Embed Pods Frameworks */,
				086717EE0C90E88CFE981DD0 /* [CP] Copy Pods Resources */,
			);
			buildRules = (
			);
			dependencies = (
			);
			name = quran_hafiz;
			productName = test;
			productReference = 2D41B24E1F9BC0A800199BAD /* quran_hafiz.app */;
			productType = "com.apple.product-type.application";
		};
/* End PBXNativeTarget section */

/* Begin PBXProject section */
		2D7F5F581F04BDA40076316B /* Project object */ = {
			isa = PBXProject;
			attributes = {
				LastSwiftUpdateCheck = 0830;
				LastUpgradeCheck = 0930;
				ORGANIZATIONNAME = "Ramy Eldesoky";
				TargetAttributes = {
					2D41B2361F9BC0A800199BAD = {
						DevelopmentTeam = PTHW63WY46;
						LastSwiftMigration = 0900;
					};
				};
			};
			buildConfigurationList = 2D7F5F5B1F04BDA40076316B /* Build configuration list for PBXProject "quran_hafiz" */;
			compatibilityVersion = "Xcode 3.2";
			developmentRegion = English;
			hasScannedForEncodings = 0;
			knownRegions = (
				en,
				Base,
				"ar-EG",
			);
			mainGroup = 2D7F5F571F04BDA40076316B;
			productRefGroup = 2D7F5F611F04BDA40076316B /* Products */;
			projectDirPath = "";
			projectRoot = "";
			targets = (
				2D41B2361F9BC0A800199BAD /* quran_hafiz */,
			);
		};
/* End PBXProject section */

/* Begin PBXResourcesBuildPhase section */
		2D41B2431F9BC0A800199BAD /* Resources */ = {
			isa = PBXResourcesBuildPhase;
			buildActionMask = 2147483647;
			files = (
				2D41B2441F9BC0A800199BAD /* LaunchScreen.storyboard in Resources */,
				2D41B2451F9BC0A800199BAD /* pg_map in Resources */,
				2D41B2461F9BC0A800199BAD /* Localizable.strings in Resources */,
				2D7B728F2079D7DD002273A6 /* normalized_quran.plist in Resources */,
				2D41B2471F9BC0A800199BAD /* Assets.xcassets in Resources */,
				2D7B72922079DD0C002273A6 /* quran_text.plist in Resources */,
				2D41B2481F9BC0A800199BAD /* Main.storyboard in Resources */,
				2D1B62C9208BB0F800C2DD28 /* GoogleService-Info.plist in Resources */,
				2D41B2491F9BC0A800199BAD /* SuraNames.plist in Resources */,
				2D41B24A1F9BC0A800199BAD /* qdata.json in Resources */,
			);
			runOnlyForDeploymentPostprocessing = 0;
		};
/* End PBXResourcesBuildPhase section */

/* Begin PBXShellScriptBuildPhase section */
		086717EE0C90E88CFE981DD0 /* [CP] Copy Pods Resources */ = {
			isa = PBXShellScriptBuildPhase;
			buildActionMask = 2147483647;
			files = (
			);
			inputPaths = (
				"${SRCROOT}/Pods/Target Support Files/Pods-quran_hafiz/Pods-quran_hafiz-resources.sh",
				"${PODS_ROOT}/GoogleSignIn/Resources/GoogleSignIn.bundle",
			);
			name = "[CP] Copy Pods Resources";
			outputPaths = (
				"${TARGET_BUILD_DIR}/${UNLOCALIZED_RESOURCES_FOLDER_PATH}/GoogleSignIn.bundle",
			);
			runOnlyForDeploymentPostprocessing = 0;
			shellPath = /bin/sh;
			shellScript = "\"${SRCROOT}/Pods/Target Support Files/Pods-quran_hafiz/Pods-quran_hafiz-resources.sh\"\n";
			showEnvVarsInLog = 0;
		};
		98FCB3FD09FD4B78752B6049 /* [CP] Check Pods Manifest.lock */ = {
			isa = PBXShellScriptBuildPhase;
			buildActionMask = 2147483647;
			files = (
			);
			inputPaths = (
				"${PODS_PODFILE_DIR_PATH}/Podfile.lock",
				"${PODS_ROOT}/Manifest.lock",
			);
			name = "[CP] Check Pods Manifest.lock";
			outputPaths = (
				"$(DERIVED_FILE_DIR)/Pods-quran_hafiz-checkManifestLockResult.txt",
			);
			runOnlyForDeploymentPostprocessing = 0;
			shellPath = /bin/sh;
			shellScript = "diff \"${PODS_PODFILE_DIR_PATH}/Podfile.lock\" \"${PODS_ROOT}/Manifest.lock\" > /dev/null\nif [ $? != 0 ] ; then\n    # print error to STDERR\n    echo \"error: The sandbox is not in sync with the Podfile.lock. Run 'pod install' or update your CocoaPods installation.\" >&2\n    exit 1\nfi\n# This output is used by Xcode 'outputs' to avoid re-running this script phase.\necho \"SUCCESS\" > \"${SCRIPT_OUTPUT_FILE_0}\"\n";
			showEnvVarsInLog = 0;
		};
		C2E1126CC36D2C16A21C7B54 /* [CP] Embed Pods Frameworks */ = {
			isa = PBXShellScriptBuildPhase;
			buildActionMask = 2147483647;
			files = (
			);
			inputPaths = (
				"${SRCROOT}/Pods/Target Support Files/Pods-quran_hafiz/Pods-quran_hafiz-frameworks.sh",
				"${BUILT_PRODUCTS_DIR}/GTMOAuth2/GTMOAuth2.framework",
				"${BUILT_PRODUCTS_DIR}/GTMSessionFetcher/GTMSessionFetcher.framework",
				"${BUILT_PRODUCTS_DIR}/GoogleToolboxForMac/GoogleToolboxForMac.framework",
				"${BUILT_PRODUCTS_DIR}/nanopb/nanopb.framework",
			);
			name = "[CP] Embed Pods Frameworks";
			outputPaths = (
				"${TARGET_BUILD_DIR}/${FRAMEWORKS_FOLDER_PATH}/GTMOAuth2.framework",
				"${TARGET_BUILD_DIR}/${FRAMEWORKS_FOLDER_PATH}/GTMSessionFetcher.framework",
				"${TARGET_BUILD_DIR}/${FRAMEWORKS_FOLDER_PATH}/GoogleToolboxForMac.framework",
				"${TARGET_BUILD_DIR}/${FRAMEWORKS_FOLDER_PATH}/nanopb.framework",
			);
			runOnlyForDeploymentPostprocessing = 0;
			shellPath = /bin/sh;
			shellScript = "\"${SRCROOT}/Pods/Target Support Files/Pods-quran_hafiz/Pods-quran_hafiz-frameworks.sh\"\n";
			showEnvVarsInLog = 0;
		};
/* End PBXShellScriptBuildPhase section */

/* Begin PBXSourcesBuildPhase section */
		2D41B2371F9BC0A800199BAD /* Sources */ = {
			isa = PBXSourcesBuildPhase;
			buildActionMask = 2147483647;
			files = (
				2D6A7188208CE88C0012A67B /* BookmarksViewController.swift in Sources */,
				2DF881F61F9F57CF0045EFCF /* TafseerAyaView.swift in Sources */,
				2D41B2391F9BC0A800199BAD /* QPagesBrowser.swift in Sources */,
				2D41B23B1F9BC0A800199BAD /* QPageView.swift in Sources */,
				2D41B23C1F9BC0A800199BAD /* QData.swift in Sources */,
				2D41B23D1F9BC0A800199BAD /* TafseerViewController.swift in Sources */,
				2D41B23E1F9BC0A800199BAD /* AppDelegate.swift in Sources */,
				2DC6C5301FB8D43D006939EF /* QPageViewController.swift in Sources */,
				2DD8D75F1FA65725008DD81D /* Extensions.swift in Sources */,
				2D41B23F1F9BC0A800199BAD /* HomeViewController.swift in Sources */,
				2DF0E09A202634BC00B3C493 /* SearchViewController.swift in Sources */,
				2D41B2401F9BC0A800199BAD /* QIndexViewController.swift in Sources */,
				2D41B26F1F9BC57300199BAD /* PartsTableViewController.swift in Sources */,
				2D1B62CB208BB2F100C2DD28 /* LayerView.swift in Sources */,
				2D41B2411F9BC0A800199BAD /* MainViewController.swift in Sources */,
				2DD8D7611FA69F73008DD81D /* Utils.swift in Sources */,
			);
			runOnlyForDeploymentPostprocessing = 0;
		};
/* End PBXSourcesBuildPhase section */

/* Begin PBXVariantGroup section */
		2D7B728D2079D7DC002273A6 /* normalized_quran.plist */ = {
			isa = PBXVariantGroup;
			children = (
				2D7B728E2079D7DC002273A6 /* Base */,
			);
			name = normalized_quran.plist;
			sourceTree = "<group>";
		};
		2D7B72902079DD0C002273A6 /* quran_text.plist */ = {
			isa = PBXVariantGroup;
			children = (
				2D7B72912079DD0C002273A6 /* Base */,
			);
			name = quran_text.plist;
			sourceTree = "<group>";
		};
		2D7F5F6B1F04BDA40076316B /* Main.storyboard */ = {
			isa = PBXVariantGroup;
			children = (
				2D7F5F6C1F04BDA40076316B /* Base */,
				2DCEFD831F305D7600EAC321 /* ar-EG */,
			);
			name = Main.storyboard;
			sourceTree = "<group>";
		};
		2D7F5F701F04BDA50076316B /* LaunchScreen.storyboard */ = {
			isa = PBXVariantGroup;
			children = (
				2D7F5F711F04BDA50076316B /* Base */,
				2DCEFD841F305D7600EAC321 /* ar-EG */,
			);
			name = LaunchScreen.storyboard;
			sourceTree = "<group>";
		};
		2DCEFD961F32EC8700EAC321 /* Localizable.strings */ = {
			isa = PBXVariantGroup;
			children = (
				2DCEFD971F32EC8700EAC321 /* Base */,
				2DCEFD991F32EC9C00EAC321 /* ar-EG */,
			);
			name = Localizable.strings;
			sourceTree = "<group>";
		};
		2DCEFDA01F33FCFC00EAC321 /* SuraNames.plist */ = {
			isa = PBXVariantGroup;
			children = (
				2DCEFDA11F33FCFC00EAC321 /* Base */,
				2DCEFDA31F33FD0D00EAC321 /* ar-EG */,
			);
			name = SuraNames.plist;
			sourceTree = "<group>";
		};
/* End PBXVariantGroup section */

/* Begin XCBuildConfiguration section */
		2D41B24C1F9BC0A800199BAD /* Debug */ = {
			isa = XCBuildConfiguration;
			baseConfigurationReference = 4C753912A5EC14A5B22EB6E4 /* Pods-quran_hafiz.debug.xcconfig */;
			buildSettings = {
				ASSETCATALOG_COMPILER_APPICON_NAME = AppIcon;
				DEVELOPMENT_TEAM = PTHW63WY46;
				INFOPLIST_FILE = "$(SRCROOT)/src/Info.plist";
				LD_RUNPATH_SEARCH_PATHS = "$(inherited) @executable_path/Frameworks";
				PRODUCT_BUNDLE_IDENTIFIER = "com.muslim-web.hafiz";
				PRODUCT_NAME = "$(TARGET_NAME)";
				SWIFT_SWIFT3_OBJC_INFERENCE = Off;
				SWIFT_VERSION = 4.0;
				TARGETED_DEVICE_FAMILY = 1;
			};
			name = Debug;
		};
		2D41B24D1F9BC0A800199BAD /* Release */ = {
			isa = XCBuildConfiguration;
			baseConfigurationReference = A53EF6F6B1535E6EEEABF818 /* Pods-quran_hafiz.release.xcconfig */;
			buildSettings = {
				ASSETCATALOG_COMPILER_APPICON_NAME = AppIcon;
				DEVELOPMENT_TEAM = PTHW63WY46;
				INFOPLIST_FILE = "$(SRCROOT)/src/Info.plist";
				LD_RUNPATH_SEARCH_PATHS = "$(inherited) @executable_path/Frameworks";
				PRODUCT_BUNDLE_IDENTIFIER = "com.muslim-web.hafiz";
				PRODUCT_NAME = "$(TARGET_NAME)";
				SWIFT_SWIFT3_OBJC_INFERENCE = Off;
				SWIFT_VERSION = 4.0;
				TARGETED_DEVICE_FAMILY = 1;
			};
			name = Release;
		};
		2D7F5F741F04BDA50076316B /* Debug */ = {
			isa = XCBuildConfiguration;
			buildSettings = {
				ALWAYS_SEARCH_USER_PATHS = NO;
				CLANG_ANALYZER_LOCALIZABILITY_NONLOCALIZED = YES;
				CLANG_ANALYZER_NONNULL = YES;
				CLANG_ANALYZER_NUMBER_OBJECT_CONVERSION = YES_AGGRESSIVE;
				CLANG_CXX_LANGUAGE_STANDARD = "gnu++0x";
				CLANG_CXX_LIBRARY = "libc++";
				CLANG_ENABLE_MODULES = YES;
				CLANG_ENABLE_OBJC_ARC = YES;
				CLANG_WARN_BLOCK_CAPTURE_AUTORELEASING = YES;
				CLANG_WARN_BOOL_CONVERSION = YES;
				CLANG_WARN_COMMA = YES;
				CLANG_WARN_CONSTANT_CONVERSION = YES;
				CLANG_WARN_DEPRECATED_OBJC_IMPLEMENTATIONS = YES;
				CLANG_WARN_DIRECT_OBJC_ISA_USAGE = YES_ERROR;
				CLANG_WARN_DOCUMENTATION_COMMENTS = YES;
				CLANG_WARN_EMPTY_BODY = YES;
				CLANG_WARN_ENUM_CONVERSION = YES;
				CLANG_WARN_INFINITE_RECURSION = YES;
				CLANG_WARN_INT_CONVERSION = YES;
				CLANG_WARN_NON_LITERAL_NULL_CONVERSION = YES;
				CLANG_WARN_OBJC_IMPLICIT_RETAIN_SELF = YES;
				CLANG_WARN_OBJC_LITERAL_CONVERSION = YES;
				CLANG_WARN_OBJC_ROOT_CLASS = YES_ERROR;
				CLANG_WARN_RANGE_LOOP_ANALYSIS = YES;
				CLANG_WARN_STRICT_PROTOTYPES = YES;
				CLANG_WARN_SUSPICIOUS_MOVE = YES;
				CLANG_WARN_UNREACHABLE_CODE = YES;
				CLANG_WARN__DUPLICATE_METHOD_MATCH = YES;
				"CODE_SIGN_IDENTITY[sdk=iphoneos*]" = "iPhone Developer";
				COPY_PHASE_STRIP = NO;
				DEBUG_INFORMATION_FORMAT = dwarf;
				DEVELOPMENT_TEAM = PTHW63WY46;
				ENABLE_STRICT_OBJC_MSGSEND = YES;
				ENABLE_TESTABILITY = YES;
				GCC_C_LANGUAGE_STANDARD = gnu99;
				GCC_DYNAMIC_NO_PIC = NO;
				GCC_NO_COMMON_BLOCKS = YES;
				GCC_OPTIMIZATION_LEVEL = 0;
				GCC_PREPROCESSOR_DEFINITIONS = (
					"DEBUG=1",
					"$(inherited)",
				);
				GCC_WARN_64_TO_32_BIT_CONVERSION = YES;
				GCC_WARN_ABOUT_RETURN_TYPE = YES_ERROR;
				GCC_WARN_UNDECLARED_SELECTOR = YES;
				GCC_WARN_UNINITIALIZED_AUTOS = YES_AGGRESSIVE;
				GCC_WARN_UNUSED_FUNCTION = YES;
				GCC_WARN_UNUSED_VARIABLE = YES;
				IPHONEOS_DEPLOYMENT_TARGET = 10.3;
				MTL_ENABLE_DEBUG_INFO = YES;
				ONLY_ACTIVE_ARCH = YES;
				SDKROOT = iphoneos;
				SWIFT_ACTIVE_COMPILATION_CONDITIONS = DEBUG;
				SWIFT_OPTIMIZATION_LEVEL = "-Onone";
				TARGETED_DEVICE_FAMILY = "1,2";
			};
			name = Debug;
		};
		2D7F5F751F04BDA50076316B /* Release */ = {
			isa = XCBuildConfiguration;
			buildSettings = {
				ALWAYS_SEARCH_USER_PATHS = NO;
				CLANG_ANALYZER_LOCALIZABILITY_NONLOCALIZED = YES;
				CLANG_ANALYZER_NONNULL = YES;
				CLANG_ANALYZER_NUMBER_OBJECT_CONVERSION = YES_AGGRESSIVE;
				CLANG_CXX_LANGUAGE_STANDARD = "gnu++0x";
				CLANG_CXX_LIBRARY = "libc++";
				CLANG_ENABLE_MODULES = YES;
				CLANG_ENABLE_OBJC_ARC = YES;
				CLANG_WARN_BLOCK_CAPTURE_AUTORELEASING = YES;
				CLANG_WARN_BOOL_CONVERSION = YES;
				CLANG_WARN_COMMA = YES;
				CLANG_WARN_CONSTANT_CONVERSION = YES;
				CLANG_WARN_DEPRECATED_OBJC_IMPLEMENTATIONS = YES;
				CLANG_WARN_DIRECT_OBJC_ISA_USAGE = YES_ERROR;
				CLANG_WARN_DOCUMENTATION_COMMENTS = YES;
				CLANG_WARN_EMPTY_BODY = YES;
				CLANG_WARN_ENUM_CONVERSION = YES;
				CLANG_WARN_INFINITE_RECURSION = YES;
				CLANG_WARN_INT_CONVERSION = YES;
				CLANG_WARN_NON_LITERAL_NULL_CONVERSION = YES;
				CLANG_WARN_OBJC_IMPLICIT_RETAIN_SELF = YES;
				CLANG_WARN_OBJC_LITERAL_CONVERSION = YES;
				CLANG_WARN_OBJC_ROOT_CLASS = YES_ERROR;
				CLANG_WARN_RANGE_LOOP_ANALYSIS = YES;
				CLANG_WARN_STRICT_PROTOTYPES = YES;
				CLANG_WARN_SUSPICIOUS_MOVE = YES;
				CLANG_WARN_UNREACHABLE_CODE = YES;
				CLANG_WARN__DUPLICATE_METHOD_MATCH = YES;
				"CODE_SIGN_IDENTITY[sdk=iphoneos*]" = "iPhone Developer";
				COPY_PHASE_STRIP = NO;
				DEBUG_INFORMATION_FORMAT = "dwarf-with-dsym";
				DEVELOPMENT_TEAM = PTHW63WY46;
				ENABLE_NS_ASSERTIONS = NO;
				ENABLE_STRICT_OBJC_MSGSEND = YES;
				GCC_C_LANGUAGE_STANDARD = gnu99;
				GCC_NO_COMMON_BLOCKS = YES;
				GCC_WARN_64_TO_32_BIT_CONVERSION = YES;
				GCC_WARN_ABOUT_RETURN_TYPE = YES_ERROR;
				GCC_WARN_UNDECLARED_SELECTOR = YES;
				GCC_WARN_UNINITIALIZED_AUTOS = YES_AGGRESSIVE;
				GCC_WARN_UNUSED_FUNCTION = YES;
				GCC_WARN_UNUSED_VARIABLE = YES;
				IPHONEOS_DEPLOYMENT_TARGET = 10.3;
				MTL_ENABLE_DEBUG_INFO = NO;
				SDKROOT = iphoneos;
				SWIFT_OPTIMIZATION_LEVEL = "-Owholemodule";
				TARGETED_DEVICE_FAMILY = "1,2";
				VALIDATE_PRODUCT = YES;
			};
			name = Release;
		};
/* End XCBuildConfiguration section */

/* Begin XCConfigurationList section */
		2D41B24B1F9BC0A800199BAD /* Build configuration list for PBXNativeTarget "quran_hafiz" */ = {
			isa = XCConfigurationList;
			buildConfigurations = (
				2D41B24C1F9BC0A800199BAD /* Debug */,
				2D41B24D1F9BC0A800199BAD /* Release */,
			);
			defaultConfigurationIsVisible = 0;
			defaultConfigurationName = Release;
		};
		2D7F5F5B1F04BDA40076316B /* Build configuration list for PBXProject "quran_hafiz" */ = {
			isa = XCConfigurationList;
			buildConfigurations = (
				2D7F5F741F04BDA50076316B /* Debug */,
				2D7F5F751F04BDA50076316B /* Release */,
			);
			defaultConfigurationIsVisible = 0;
			defaultConfigurationName = Release;
		};
/* End XCConfigurationList section */
	};
	rootObject = 2D7F5F581F04BDA40076316B /* Project object */;
}
